{
  "version": 4,
  "terraform_version": "1.12.2",
  "serial": 17,
  "lineage": "b741a142-f781-8c4d-1e8e-04d1c95f0961",
  "outputs": {},
  "resources": [
    {
      "mode": "managed",
      "type": "local_file",
      "name": "productos",
      "provider": "provider[\"registry.terraform.io/hashicorp/local\"]",
      "instances": [
        {
          "index_key": 0,
          "schema_version": 0,
          "attributes": {
            "content": "Lista de productos",
            "content_base64": null,
            "content_base64sha256": "xkd6Ar7I+j8LoincN8RLbwFfzLlGzKWNLioX8y8Yx/Q=",
            "content_base64sha512": "fsUHeMPKnzpbjKuo86kSDYapoDkNCjjUSb/fNMszM/Toy9TqN5dNaFhV1hUJTWXgzqZrGqj+LSO3FwQKNJeq6g==",
            "content_md5": "7275eb744426dcfd7a78e80a907544b8",
            "content_sha1": "dd36202dd6866e2442522664a30630ccfead4541",
            "content_sha256": "c6477a02bec8fa3f0ba229dc37c44b6f015fccb946cca58d2e2a17f32f18c7f4",
            "content_sha512": "7ec50778c3ca9f3a5b8caba8f3a9120d86a9a0390d0a38d449bfdf34cb3333f4e8cbd4ea37974d685855d615094d65e0cea66b1aa8fe2d23b717040a3497aaea",
            "directory_permission": "0777",
            "file_permission": "0777",
            "filename": "productos-luax.txt",
            "id": "dd36202dd6866e2442522664a30630ccfead4541",
            "sensitive_content": null,
            "source": null
          },
          "sensitive_attributes": [
            [
              {
                "type": "get_attr",
                "value": "sensitive_content"
              }
            ]
          ],
          "identity_schema_version": 0,
          "dependencies": [
            "random_string.sufijo"
          ]
        },
        {
          "index_key": 1,
          "schema_version": 0,
          "attributes": {
            "content": "Lista de productos",
            "content_base64": null,
            "content_base64sha256": "xkd6Ar7I+j8LoincN8RLbwFfzLlGzKWNLioX8y8Yx/Q=",
            "content_base64sha512": "fsUHeMPKnzpbjKuo86kSDYapoDkNCjjUSb/fNMszM/Toy9TqN5dNaFhV1hUJTWXgzqZrGqj+LSO3FwQKNJeq6g==",
            "content_md5": "7275eb744426dcfd7a78e80a907544b8",
            "content_sha1": "dd36202dd6866e2442522664a30630ccfead4541",
            "content_sha256": "c6477a02bec8fa3f0ba229dc37c44b6f015fccb946cca58d2e2a17f32f18c7f4",
            "content_sha512": "7ec50778c3ca9f3a5b8caba8f3a9120d86a9a0390d0a38d449bfdf34cb3333f4e8cbd4ea37974d685855d615094d65e0cea66b1aa8fe2d23b717040a3497aaea",
            "directory_permission": "0777",
            "file_permission": "0777",
            "filename": "productos-sqwu.txt",
            "id": "dd36202dd6866e2442522664a30630ccfead4541",
            "sensitive_content": null,
            "source": null
          },
          "sensitive_attributes": [
            [
              {
                "type": "get_attr",
                "value": "sensitive_content"
              }
            ]
          ],
          "identity_schema_version": 0,
          "dependencies": [
            "random_string.sufijo"
          ]
        },
        {
          "index_key": 2,
          "schema_version": 0,
          "attributes": {
            "content": "Lista de productos",
            "content_base64": null,
            "content_base64sha256": "xkd6Ar7I+j8LoincN8RLbwFfzLlGzKWNLioX8y8Yx/Q=",
            "content_base64sha512": "fsUHeMPKnzpbjKuo86kSDYapoDkNCjjUSb/fNMszM/Toy9TqN5dNaFhV1hUJTWXgzqZrGqj+LSO3FwQKNJeq6g==",
            "content_md5": "7275eb744426dcfd7a78e80a907544b8",
            "content_sha1": "dd36202dd6866e2442522664a30630ccfead4541",
            "content_sha256": "c6477a02bec8fa3f0ba229dc37c44b6f015fccb946cca58d2e2a17f32f18c7f4",
            "content_sha512": "7ec50778c3ca9f3a5b8caba8f3a9120d86a9a0390d0a38d449bfdf34cb3333f4e8cbd4ea37974d685855d615094d65e0cea66b1aa8fe2d23b717040a3497aaea",
            "directory_permission": "0777",
            "file_permission": "0777",
            "filename": "productos-gqis.txt",
            "id": "dd36202dd6866e2442522664a30630ccfead4541",
            "sensitive_content": null,
            "source": null
          },
          "sensitive_attributes": [
            [
              {
                "type": "get_attr",
                "value": "sensitive_content"
              }
            ]
          ],
          "identity_schema_version": 0,
          "dependencies": [
            "random_string.sufijo"
          ]
        },
        {
          "index_key": 3,
          "schema_version": 0,
          "attributes": {
            "content": "Lista de productos",
            "content_base64": null,
            "content_base64sha256": "xkd6Ar7I+j8LoincN8RLbwFfzLlGzKWNLioX8y8Yx/Q=",
            "content_base64sha512": "fsUHeMPKnzpbjKuo86kSDYapoDkNCjjUSb/fNMszM/Toy9TqN5dNaFhV1hUJTWXgzqZrGqj+LSO3FwQKNJeq6g==",
            "content_md5": "7275eb744426dcfd7a78e80a907544b8",
            "content_sha1": "dd36202dd6866e2442522664a30630ccfead4541",
            "content_sha256": "c6477a02bec8fa3f0ba229dc37c44b6f015fccb946cca58d2e2a17f32f18c7f4",
            "content_sha512": "7ec50778c3ca9f3a5b8caba8f3a9120d86a9a0390d0a38d449bfdf34cb3333f4e8cbd4ea37974d685855d615094d65e0cea66b1aa8fe2d23b717040a3497aaea",
            "directory_permission": "0777",
            "file_permission": "0777",
            "filename": "productos-dyci.txt",
            "id": "dd36202dd6866e2442522664a30630ccfead4541",
            "sensitive_content": null,
            "source": null
          },
          "sensitive_attributes": [
            [
              {
                "type": "get_attr",
                "value": "sensitive_content"
              }
            ]
          ],
          "identity_schema_version": 0,
          "dependencies": [
            "random_string.sufijo"
          ]
        },
        {
          "index_key": 4,
          "schema_version": 0,
          "attributes": {
            "content": "Lista de productos",
            "content_base64": null,
            "content_base64sha256": "xkd6Ar7I+j8LoincN8RLbwFfzLlGzKWNLioX8y8Yx/Q=",
            "content_base64sha512": "fsUHeMPKnzpbjKuo86kSDYapoDkNCjjUSb/fNMszM/Toy9TqN5dNaFhV1hUJTWXgzqZrGqj+LSO3FwQKNJeq6g==",
            "content_md5": "7275eb744426dcfd7a78e80a907544b8",
            "content_sha1": "dd36202dd6866e2442522664a30630ccfead4541",
            "content_sha256": "c6477a02bec8fa3f0ba229dc37c44b6f015fccb946cca58d2e2a17f32f18c7f4",
            "content_sha512": "7ec50778c3ca9f3a5b8caba8f3a9120d86a9a0390d0a38d449bfdf34cb3333f4e8cbd4ea37974d685855d615094d65e0cea66b1aa8fe2d23b717040a3497aaea",
            "directory_permission": "0777",
            "file_permission": "0777",
            "filename": "productos-ygrd.txt",
            "id": "dd36202dd6866e2442522664a30630ccfead4541",
            "sensitive_content": null,
            "source": null
          },
          "sensitive_attributes": [
            [
              {
                "type": "get_attr",
                "value": "sensitive_content"
              }
            ]
          ],
          "identity_schema_version": 0,
          "dependencies": [
            "random_string.sufijo"
          ]
        }
      ]
    },
    {
      "mode": "managed",
      "type": "random_string",
      "name": "sufijo",
      "provider": "provider[\"registry.terraform.io/hashicorp/random\"]",
      "instances": [
        {
          "index_key": 0,
          "schema_version": 2,
          "attributes": {
            "id": "luax",
            "keepers": null,
            "length": 4,
            "lower": true,
            "min_lower": 0,
            "min_numeric": 0,
            "min_special": 0,
            "min_upper": 0,
            "number": false,
            "numeric": false,
            "override_special": null,
            "result": "luax",
            "special": false,
            "upper": false
          },
          "sensitive_attributes": [],
          "identity_schema_version": 0
        },
        {
          "index_key": 1,
          "schema_version": 2,
          "attributes": {
            "id": "sqwu",
            "keepers": null,
            "length": 4,
            "lower": true,
            "min_lower": 0,
            "min_numeric": 0,
            "min_special": 0,
            "min_upper": 0,
            "number": false,
            "numeric": false,
            "override_special": null,
            "result": "sqwu",
            "special": false,
            "upper": false
          },
          "sensitive_attributes": [],
          "identity_schema_version": 0
        },
        {
          "index_key": 2,
          "schema_version": 2,
          "attributes": {
            "id": "gqis",
            "keepers": null,
            "length": 4,
            "lower": true,
            "min_lower": 0,
            "min_numeric": 0,
            "min_special": 0,
            "min_upper": 0,
            "number": false,
            "numeric": false,
            "override_special": null,
            "result": "gqis",
            "special": false,
            "upper": false
          },
          "sensitive_attributes": [],
          "identity_schema_version": 0
        },
        {
          "index_key": 3,
          "schema_version": 2,
          "attributes": {
            "id": "dyci",
            "keepers": null,
            "length": 4,
            "lower": true,
            "min_lower": 0,
            "min_numeric": 0,
            "min_special": 0,
            "min_upper": 0,
            "number": false,
            "numeric": false,
            "override_special": null,
            "result": "dyci",
            "special": false,
            "upper": false
          },
          "sensitive_attributes": [],
          "identity_schema_version": 0
        },
        {
          "index_key": 4,
          "schema_version": 2,
          "attributes": {
            "id": "ygrd",
            "keepers": null,
            "length": 4,
            "lower": true,
            "min_lower": 0,
            "min_numeric": 0,
            "min_special": 0,
            "min_upper": 0,
            "number": false,
            "numeric": false,
            "override_special": null,
            "result": "ygrd",
            "special": false,
            "upper": false
          },
          "sensitive_attributes": [],
          "identity_schema_version": 0
        }
      ]
    }
  ],
  "check_results": null
}
