{
  "version": 4,
  "terraform_version": "1.12.2",
  "serial": 4,
  "lineage": "0bd7dfba-51bb-9ac9-c0f3-19fa3f94c796",
  "outputs": {},
  "resources": [
    {
      "mode": "managed",
      "type": "aws_vpc",
      "name": "vpc_test",
      "provider": "provider[\"registry.terraform.io/hashicorp/aws\"].ohio",
      "instances": [
        {
          "schema_version": 1,
          "attributes": {
            "arn": "arn:aws:ec2:us-east-2:508325854876:vpc/vpc-0d4247c309926b01f",
            "assign_generated_ipv6_cidr_block": false,
            "cidr_block": "10.20.0.0/16",
            "default_network_acl_id": "acl-05960785b06153a49",
            "default_route_table_id": "rtb-04d97ea83693a66ad",
            "default_security_group_id": "sg-08ec534519a2b7cbc",
            "dhcp_options_id": "dopt-bb30eed0",
            "enable_dns_hostnames": false,
            "enable_dns_support": true,
            "enable_network_address_usage_metrics": false,
            "id": "vpc-0d4247c309926b01f",
            "instance_tenancy": "default",
            "ipv4_ipam_pool_id": null,
            "ipv4_netmask_length": null,
            "ipv6_association_id": "",
            "ipv6_cidr_block": "",
            "ipv6_cidr_block_network_border_group": "",
            "ipv6_ipam_pool_id": "",
            "ipv6_netmask_length": 0,
            "main_route_table_id": "rtb-04d97ea83693a66ad",
            "owner_id": "508325854876",
            "region": "us-east-2",
            "tags": {
              "Name": "vpc_ohio"
            },
            "tags_all": {
              "Name": "vpc_ohio"
            }
          },
          "sensitive_attributes": [],
          "identity_schema_version": 0,
          "private": "eyJzY2hlbWFfdmVyc2lvbiI6IjEifQ=="
        }
      ]
    },
    {
      "mode": "managed",
      "type": "aws_vpc",
      "name": "vpc_virginia",
      "provider": "provider[\"registry.terraform.io/hashicorp/aws\"]",
      "instances": [
        {
          "schema_version": 1,
          "attributes": {
            "arn": "arn:aws:ec2:us-east-1:508325854876:vpc/vpc-0a357dedfbd55c901",
            "assign_generated_ipv6_cidr_block": false,
            "cidr_block": "10.10.0.0/16",
            "default_network_acl_id": "acl-04dbf3269e3526b4b",
            "default_route_table_id": "rtb-01d53c8321d33f024",
            "default_security_group_id": "sg-0b267ddfa6c243ac4",
            "dhcp_options_id": "dopt-0f689275",
            "enable_dns_hostnames": false,
            "enable_dns_support": true,
            "enable_network_address_usage_metrics": false,
            "id": "vpc-0a357dedfbd55c901",
            "instance_tenancy": "default",
            "ipv4_ipam_pool_id": null,
            "ipv4_netmask_length": null,
            "ipv6_association_id": "",
            "ipv6_cidr_block": "",
            "ipv6_cidr_block_network_border_group": "",
            "ipv6_ipam_pool_id": "",
            "ipv6_netmask_length": 0,
            "main_route_table_id": "rtb-01d53c8321d33f024",
            "owner_id": "508325854876",
            "region": "us-east-1",
            "tags": {
              "Name": "vpc_virginia"
            },
            "tags_all": {
              "Name": "vpc_virginia"
            }
          },
          "sensitive_attributes": [],
          "identity_schema_version": 0,
          "private": "eyJzY2hlbWFfdmVyc2lvbiI6IjEifQ=="
        }
      ]
    }
  ],
  "check_results": null
}
